// !$*UTF8*$!
{
	archiveVersion = 1;
	classes = {
	};
	objectVersion = 52;
	objects = {

/* Begin PBXBuildFile section */
		D505B99C2755323C00386E9F /* NetworkMonitor.swift in Sources */ = {isa = PBXBuildFile; fileRef = D505B99B2755323C00386E9F /* NetworkMonitor.swift */; };
		D505B99E2756894300386E9F /* ViewModifier.swift in Sources */ = {isa = PBXBuildFile; fileRef = D505B99D2756894300386E9F /* ViewModifier.swift */; };
		D517F68126C5771D002996E8 /* FillerView.swift in Sources */ = {isa = PBXBuildFile; fileRef = D517F68026C5771D002996E8 /* FillerView.swift */; };
		D5199A2F28DD16F100ACC34C /* BleContentTransfer.swift in Sources */ = {isa = PBXBuildFile; fileRef = D5199A2E28DD16F100ACC34C /* BleContentTransfer.swift */; };
		D51D1413293A53BD0028AEDD /* WifiCellViewModel.swift in Sources */ = {isa = PBXBuildFile; fileRef = D51D1412293A53BD0028AEDD /* WifiCellViewModel.swift */; };
		D5267411292E902700D4C79E /* Networking.swift in Sources */ = {isa = PBXBuildFile; fileRef = D5267410292E902700D4C79E /* Networking.swift */; };
		D5269C00291960A300C0CE4B /* WifiSelection.swift in Sources */ = {isa = PBXBuildFile; fileRef = D5269BFF291960A300C0CE4B /* WifiSelection.swift */; };
		D5269C02291997DE00C0CE4B /* WifiServiceCellView.swift in Sources */ = {isa = PBXBuildFile; fileRef = D5269C01291997DE00C0CE4B /* WifiServiceCellView.swift */; };
		D5269C042919985400C0CE4B /* WifiServiceCellSubView.swift in Sources */ = {isa = PBXBuildFile; fileRef = D5269C032919985400C0CE4B /* WifiServiceCellSubView.swift */; };
		D5269C08291AB75800C0CE4B /* WifiPairingView.swift in Sources */ = {isa = PBXBuildFile; fileRef = D5269C07291AB75800C0CE4B /* WifiPairingView.swift */; };
		D52A926D29071DF400973B6B /* SelectionView.swift in Sources */ = {isa = PBXBuildFile; fileRef = D52A926C29071DF400973B6B /* SelectionView.swift */; };
		D52A926F29078E0A00973B6B /* WifiServiceSelectionView.swift in Sources */ = {isa = PBXBuildFile; fileRef = D52A926E29078E0A00973B6B /* WifiServiceSelectionView.swift */; };
		D52BE7EE269DF36E00630900 /* DownloadViewModel.swift in Sources */ = {isa = PBXBuildFile; fileRef = D52BE7EA269DF36E00630900 /* DownloadViewModel.swift */; };
		D52BE7F3269DF62100630900 /* Zip in Frameworks */ = {isa = PBXBuildFile; productRef = D52BE7F2269DF62100630900 /* Zip */; };
		D52BE82A26A0660200630900 /* KeyboardUtils.swift in Sources */ = {isa = PBXBuildFile; fileRef = D54D38B82691E0D000FBFE47 /* KeyboardUtils.swift */; };
		D52BE85426A0E39100630900 /* BTConnectionViewModel.swift in Sources */ = {isa = PBXBuildFile; fileRef = D52BE85326A0E39100630900 /* BTConnectionViewModel.swift */; };
		D52BE85526A0E5A400630900 /* PeripheralList.swift in Sources */ = {isa = PBXBuildFile; fileRef = D54D38C52692044800FBFE47 /* PeripheralList.swift */; };
		D52BE85626A0E5A700630900 /* PeripheralAutoConnect.swift in Sources */ = {isa = PBXBuildFile; fileRef = D54D38C62692044800FBFE47 /* PeripheralAutoConnect.swift */; };
		D52F7E742672F4C400911D43 /* PyLeapApp.swift in Sources */ = {isa = PBXBuildFile; fileRef = D52F7E732672F4C400911D43 /* PyLeapApp.swift */; };
		D52F7E782672F4C500911D43 /* Assets.xcassets in Resources */ = {isa = PBXBuildFile; fileRef = D52F7E772672F4C500911D43 /* Assets.xcassets */; };
		D52F7E7B2672F4C500911D43 /* Preview Assets.xcassets in Resources */ = {isa = PBXBuildFile; fileRef = D52F7E7A2672F4C500911D43 /* Preview Assets.xcassets */; };
		D534F3FC280B59090053699C /* ExampleView.swift in Sources */ = {isa = PBXBuildFile; fileRef = D534F3FB280B59090053699C /* ExampleView.swift */; };
		D535E21628E1FA910096E548 /* ScrollRefreshableView.swift in Sources */ = {isa = PBXBuildFile; fileRef = D535E21528E1FA910096E548 /* ScrollRefreshableView.swift */; };
		D5361098296F5E5400228E15 /* JSONDecoderHelper.swift in Sources */ = {isa = PBXBuildFile; fileRef = D5361097296F5E5400228E15 /* JSONDecoderHelper.swift */; };
		D536109A296FB2BB00228E15 /* DataStore.swift in Sources */ = {isa = PBXBuildFile; fileRef = D5361099296FB2BB00228E15 /* DataStore.swift */; };
		D544A1D2281B9BB70038D483 /* Buttons.swift in Sources */ = {isa = PBXBuildFile; fileRef = D544A1D1281B9BB70038D483 /* Buttons.swift */; };
		D544A24B281F92840038D483 /* ImageCaching.swift in Sources */ = {isa = PBXBuildFile; fileRef = D544A24A281F92840038D483 /* ImageCaching.swift */; };
		D544A24F282046840038D483 /* OnAnimationComplete.swift in Sources */ = {isa = PBXBuildFile; fileRef = D544A24E282046840038D483 /* OnAnimationComplete.swift */; };
		D544A2512822D4730038D483 /* Spotlight Extension.swift in Sources */ = {isa = PBXBuildFile; fileRef = D544A2502822D4730038D483 /* Spotlight Extension.swift */; };
		D5482F4928E63DB7000B0C8E /* MainSelectionViewModel.swift in Sources */ = {isa = PBXBuildFile; fileRef = D5482F4828E63DB7000B0C8E /* MainSelectionViewModel.swift */; };
		D5482F4B28E75053000B0C8E /* LocalNetworkAuth.swift in Sources */ = {isa = PBXBuildFile; fileRef = D5482F4A28E75053000B0C8E /* LocalNetworkAuth.swift */; };
		D5507AD026C668BC00512BAA /* BleModuleViewModel.swift in Sources */ = {isa = PBXBuildFile; fileRef = D5507ACC26C668BC00512BAA /* BleModuleViewModel.swift */; };
		D5507AD126C668BC00512BAA /* SearchBarView.swift in Sources */ = {isa = PBXBuildFile; fileRef = D5507ACF26C668BC00512BAA /* SearchBarView.swift */; };
		D5507AD326C668BC00512BAA /* BleModuleView.swift in Sources */ = {isa = PBXBuildFile; fileRef = D5507ACB26C668BC00512BAA /* BleModuleView.swift */; };
		D5597BF826A9E14B00DF17C0 /* AppDelegate.swift in Sources */ = {isa = PBXBuildFile; fileRef = D5597BF726A9E14B00DF17C0 /* AppDelegate.swift */; };
		D5597C0226ADDCE300DF17C0 /* StartupView.swift in Sources */ = {isa = PBXBuildFile; fileRef = D5597C0126ADDCE300DF17C0 /* StartupView.swift */; };
		D5597C0426ADDD5E00DF17C0 /* StartupViewModel.swift in Sources */ = {isa = PBXBuildFile; fileRef = D5597C0326ADDD5E00DF17C0 /* StartupViewModel.swift */; };
		D5597C0B26AF018800DF17C0 /* HideKeyboard.swift in Sources */ = {isa = PBXBuildFile; fileRef = D5597C0726AF018800DF17C0 /* HideKeyboard.swift */; };
		D5597C0C26AF018800DF17C0 /* View+If.swift in Sources */ = {isa = PBXBuildFile; fileRef = D5597C0926AF018800DF17C0 /* View+If.swift */; };
		D5597C3B26B98E1E00DF17C0 /* NumbersOnly.swift in Sources */ = {isa = PBXBuildFile; fileRef = D5597C3A26B98E1E00DF17C0 /* NumbersOnly.swift */; };
		D5640216271B54BF00AE1519 /* MainSelectionView.swift in Sources */ = {isa = PBXBuildFile; fileRef = D5640215271B54BF00AE1519 /* MainSelectionView.swift */; };
		D567E2B628B81B730009F768 /* Queue.swift in Sources */ = {isa = PBXBuildFile; fileRef = D567E2B528B81B730009F768 /* Queue.swift */; };
		D567E2B828C137880009F768 /* WifiCell.swift in Sources */ = {isa = PBXBuildFile; fileRef = D567E2B728C137880009F768 /* WifiCell.swift */; };
		D567E2BA28C1382E0009F768 /* WifiSubViewCell.swift in Sources */ = {isa = PBXBuildFile; fileRef = D567E2B928C1382E0009F768 /* WifiSubViewCell.swift */; };
		D567E2BC28C1527F0009F768 /* WifiSubViewCellModel.swift in Sources */ = {isa = PBXBuildFile; fileRef = D567E2BB28C1527F0009F768 /* WifiSubViewCellModel.swift */; };
		D567E2DF28C8D40C0009F768 /* SettingsView.swift in Sources */ = {isa = PBXBuildFile; fileRef = D567E2DE28C8D40C0009F768 /* SettingsView.swift */; };
		D56B75D4294BAAB400D008E7 /* BLESettingsView.swift in Sources */ = {isa = PBXBuildFile; fileRef = D56B75D3294BAAB400D008E7 /* BLESettingsView.swift */; };
		D56B75D6294BAACE00D008E7 /* BLESettingsViewModel.swift in Sources */ = {isa = PBXBuildFile; fileRef = D56B75D5294BAACE00D008E7 /* BLESettingsViewModel.swift */; };
		D56F640C270242CA000E5975 /* UIColor+LightAndDark.swift in Sources */ = {isa = PBXBuildFile; fileRef = D56F6407270242CA000E5975 /* UIColor+LightAndDark.swift */; };
		D56F640D270242CA000E5975 /* FileTransferPathUtils.swift in Sources */ = {isa = PBXBuildFile; fileRef = D56F640A270242CA000E5975 /* FileTransferPathUtils.swift */; };
		D56F640E270242CA000E5975 /* String+DeletingPrefix.swift in Sources */ = {isa = PBXBuildFile; fileRef = D56F6408270242CA000E5975 /* String+DeletingPrefix.swift */; };
		D57858ED28327E18008E8BE4 /* PairingTutorialView.swift in Sources */ = {isa = PBXBuildFile; fileRef = D57858EC28327E18008E8BE4 /* PairingTutorialView.swift */; };
		D57858F12832D9C8008E8BE4 /* CreditView.swift in Sources */ = {isa = PBXBuildFile; fileRef = D57858F02832D9C8008E8BE4 /* CreditView.swift */; };
		D57858F328333CBC008E8BE4 /* TroubleshootView.swift in Sources */ = {isa = PBXBuildFile; fileRef = D57858F228333CBC008E8BE4 /* TroubleshootView.swift */; };
		D58182FB27F732E40091C43B /* SubCellViewModel.swift in Sources */ = {isa = PBXBuildFile; fileRef = D58182FA27F732E40091C43B /* SubCellViewModel.swift */; };
		D58182FD27FBF09F0091C43B /* BLEPairingView.swift in Sources */ = {isa = PBXBuildFile; fileRef = D58182FC27FBF09F0091C43B /* BLEPairingView.swift */; };
		D58358EE27DA5C0F0069F7F5 /* NetworkError.swift in Sources */ = {isa = PBXBuildFile; fileRef = D58358ED27DA5C0F0069F7F5 /* NetworkError.swift */; };
		D585CABE276CFC040010185A /* FileTransferClient in Frameworks */ = {isa = PBXBuildFile; productRef = D585CABD276CFC040010185A /* FileTransferClient */; };
		D58D887B26CC02B60085604A /* OnboardingViewPure.swift in Sources */ = {isa = PBXBuildFile; fileRef = D58D887A26CC02B60085604A /* OnboardingViewPure.swift */; };
		D58E1C8828A2B10B00AB683E /* WifiView.swift in Sources */ = {isa = PBXBuildFile; fileRef = D58E1C8728A2B10B00AB683E /* WifiView.swift */; };
		D58E1C8A28A2B15E00AB683E /* WifiViewModel.swift in Sources */ = {isa = PBXBuildFile; fileRef = D58E1C8928A2B15E00AB683E /* WifiViewModel.swift */; };
		D58E1C8D28A2B32C00AB683E /* Wifi_ifaddrs.m in Sources */ = {isa = PBXBuildFile; fileRef = D58E1C8C28A2B32C00AB683E /* Wifi_ifaddrs.m */; };
		D58E1C8F28A30A5300AB683E /* WifiNetworkService.swift in Sources */ = {isa = PBXBuildFile; fileRef = D58E1C8E28A30A5300AB683E /* WifiNetworkService.swift */; };
		D595FC2E2812C23D00569D8C /* Image Extension.swift in Sources */ = {isa = PBXBuildFile; fileRef = D595FC2D2812C23D00569D8C /* Image Extension.swift */; };
		D59DFD8F268A4A4D001737F6 /* BTConnectionView.swift in Sources */ = {isa = PBXBuildFile; fileRef = D59DFD8E268A4A4D001737F6 /* BTConnectionView.swift */; };
		D59DFDB6268CD052001737F6 /* AppEnvironment.swift in Sources */ = {isa = PBXBuildFile; fileRef = D59DFDB5268CD052001737F6 /* AppEnvironment.swift */; };
		D59DFDBA268CDEEC001737F6 /* RootViewModel.swift in Sources */ = {isa = PBXBuildFile; fileRef = D59DFDB9268CDEEC001737F6 /* RootViewModel.swift */; };
		D59DFDBC268CE0EB001737F6 /* RootView.swift in Sources */ = {isa = PBXBuildFile; fileRef = D59DFDBB268CE0EB001737F6 /* RootView.swift */; };
		D59DFDC2268CFA36001737F6 /* OnboardingStepView.swift in Sources */ = {isa = PBXBuildFile; fileRef = D59DFDC1268CFA36001737F6 /* OnboardingStepView.swift */; };
		D59DFDC4268CFAB4001737F6 /* OnboardingDataModel.swift in Sources */ = {isa = PBXBuildFile; fileRef = D59DFDC3268CFAB4001737F6 /* OnboardingDataModel.swift */; };
		D59E31AA281B8DD300D24211 /* DownloadState.swift in Sources */ = {isa = PBXBuildFile; fileRef = D59E31A9281B8DD300D24211 /* DownloadState.swift */; };
		D5AA27F828CA785B001CCE25 /* CircuitPythonType.swift in Sources */ = {isa = PBXBuildFile; fileRef = D5AA27F728CA785B001CCE25 /* CircuitPythonType.swift */; };
		D5AA27FA28CA8D46001CCE25 /* WifiStatusHeaderBarView.swift in Sources */ = {isa = PBXBuildFile; fileRef = D5AA27F928CA8D46001CCE25 /* WifiStatusHeaderBarView.swift */; };
		D5BA1F7A28B52A490012FC62 /* WifiListDetailView.swift in Sources */ = {isa = PBXBuildFile; fileRef = D5BA1F7928B52A490012FC62 /* WifiListDetailView.swift */; };
		D5BA1F7F28B66F280012FC62 /* WifiServiceManager.swift in Sources */ = {isa = PBXBuildFile; fileRef = D5BA1F7E28B66F280012FC62 /* WifiServiceManager.swift */; };
		D5BA1F8128B66F920012FC62 /* CircuitPythonService.swift in Sources */ = {isa = PBXBuildFile; fileRef = D5BA1F8028B66F920012FC62 /* CircuitPythonService.swift */; };
		D5BA1F8328B68ED40012FC62 /* NetworkPeripheral.swift in Sources */ = {isa = PBXBuildFile; fileRef = D5BA1F8228B68ED40012FC62 /* NetworkPeripheral.swift */; };
		D5C474AC27E174A5002DD160 /* WebView Content.swift in Sources */ = {isa = PBXBuildFile; fileRef = D5C474AB27E174A5002DD160 /* WebView Content.swift */; };
		D5C474C827E39FD7002DD160 /* ReadexPro-Medium.ttf in Resources */ = {isa = PBXBuildFile; fileRef = D5C474C627E39FC8002DD160 /* ReadexPro-Medium.ttf */; };
		D5C474C927E39FDA002DD160 /* ReadexPro-Regular.ttf in Resources */ = {isa = PBXBuildFile; fileRef = D5C474C727E39FC8002DD160 /* ReadexPro-Regular.ttf */; };
		D5C474CA27E39FDD002DD160 /* ReadexPro-Light.ttf in Resources */ = {isa = PBXBuildFile; fileRef = D5C474C527E39FC8002DD160 /* ReadexPro-Light.ttf */; };
		D5C474CB27E39FE1002DD160 /* ReadexPro-Bold.ttf in Resources */ = {isa = PBXBuildFile; fileRef = D5C474C227E39FAD002DD160 /* ReadexPro-Bold.ttf */; };
		D5C6D42128C8EA0700F5C7C9 /* WifiHeaderView.swift in Sources */ = {isa = PBXBuildFile; fileRef = D5C6D42028C8EA0700F5C7C9 /* WifiHeaderView.swift */; };
		D5C74DF327EB92FA00730505 /* View+Extensions.swift in Sources */ = {isa = PBXBuildFile; fileRef = D5C74DF227EB92FA00730505 /* View+Extensions.swift */; };
		D5C74DF527EB93E300730505 /* DemoViewCell.swift in Sources */ = {isa = PBXBuildFile; fileRef = D5C74DF427EB93E300730505 /* DemoViewCell.swift */; };
		D5CC6BAE2816FD27008629FB /* Config.swift in Sources */ = {isa = PBXBuildFile; fileRef = D5CC6BAD2816FD27008629FB /* Config.swift */; };
		D5CC6BB02816FDA1008629FB /* BluetoothStatusView.swift in Sources */ = {isa = PBXBuildFile; fileRef = D5CC6BAF2816FDA1008629FB /* BluetoothStatusView.swift */; };
		D5CC6BB428173AE0008629FB /* HeaderView.swift in Sources */ = {isa = PBXBuildFile; fileRef = D5CC6BB328173AE0008629FB /* HeaderView.swift */; };
		D5CC6BB628173B91008629FB /* SubHeaderView.swift in Sources */ = {isa = PBXBuildFile; fileRef = D5CC6BB528173B91008629FB /* SubHeaderView.swift */; };
		D5D1F4A427EBA7E30040E2BF /* NetworkManager.swift in Sources */ = {isa = PBXBuildFile; fileRef = D5D1F4A327EBA7E30040E2BF /* NetworkManager.swift */; };
		D5D1F4A627EBA9C80040E2BF /* DemoSubCellView.swift in Sources */ = {isa = PBXBuildFile; fileRef = D5D1F4A527EBA9C80040E2BF /* DemoSubCellView.swift */; };
		D5D1F4AE27ECFDA10040E2BF /* GifImage.swift in Sources */ = {isa = PBXBuildFile; fileRef = D5D1F4AD27ECFDA10040E2BF /* GifImage.swift */; };
		D5D1F4B027ECFDE00040E2BF /* NavBarModifier.swift in Sources */ = {isa = PBXBuildFile; fileRef = D5D1F4AF27ECFDE00040E2BF /* NavBarModifier.swift */; };
		D5D1F4B227ECFF760040E2BF /* ProjectsModel.swift in Sources */ = {isa = PBXBuildFile; fileRef = D5D1F4B127ECFF760040E2BF /* ProjectsModel.swift */; };
		D5D1F4B827ED2F4F0040E2BF /* FileManagerCheck.swift in Sources */ = {isa = PBXBuildFile; fileRef = D5D1F4B727ED2F4F0040E2BF /* FileManagerCheck.swift */; };
		D5D5BB3928DD19F000E5D93F /* BleContentCommands.swift in Sources */ = {isa = PBXBuildFile; fileRef = D5D5BB3828DD19F000E5D93F /* BleContentCommands.swift */; };
		D5D7DF2B28B3E321008552D1 /* BasicCredentials.swift in Sources */ = {isa = PBXBuildFile; fileRef = D5D7DF2A28B3E321008552D1 /* BasicCredentials.swift */; };
		D5D7DF2D28B489C0008552D1 /* WebDirectoryModel.swift in Sources */ = {isa = PBXBuildFile; fileRef = D5D7DF2C28B489C0008552D1 /* WebDirectoryModel.swift */; };
		D5DD39A728D11817000FAEB8 /* WifiFileTransfer.swift in Sources */ = {isa = PBXBuildFile; fileRef = D5DD39A628D11817000FAEB8 /* WifiFileTransfer.swift */; };
		D5DD39A928D11962000FAEB8 /* WifiTransferService.swift in Sources */ = {isa = PBXBuildFile; fileRef = D5DD39A828D11962000FAEB8 /* WifiTransferService.swift */; };
		D5DD39AB28D234C3000FAEB8 /* SettingsViewModel.swift in Sources */ = {isa = PBXBuildFile; fileRef = D5DD39AA28D234C3000FAEB8 /* SettingsViewModel.swift */; };
		D5F53CEB2694B524007634C2 /* Blinka Animation.swift in Sources */ = {isa = PBXBuildFile; fileRef = D5F53CEA2694B524007634C2 /* Blinka Animation.swift */; };
		D5F53CED2694B7A9007634C2 /* OnboardingBackgroundView.swift in Sources */ = {isa = PBXBuildFile; fileRef = D5F53CEC2694B7A9007634C2 /* OnboardingBackgroundView.swift */; };
/* End PBXBuildFile section */

/* Begin PBXFileReference section */
		D50237E3280994F900F1EE8A /* PyLeap.entitlements */ = {isa = PBXFileReference; lastKnownFileType = text.plist.entitlements; name = PyLeap.entitlements; path = "../../../../Desktop/Copy Of PyLeap Entitlement/PyLeap.entitlements"; sourceTree = "<group>"; };
		D505B99B2755323C00386E9F /* NetworkMonitor.swift */ = {isa = PBXFileReference; lastKnownFileType = sourcecode.swift; path = NetworkMonitor.swift; sourceTree = "<group>"; };
		D505B99D2756894300386E9F /* ViewModifier.swift */ = {isa = PBXFileReference; lastKnownFileType = sourcecode.swift; path = ViewModifier.swift; sourceTree = "<group>"; };
		D517F68026C5771D002996E8 /* FillerView.swift */ = {isa = PBXFileReference; lastKnownFileType = sourcecode.swift; path = FillerView.swift; sourceTree = "<group>"; };
		D5199A2E28DD16F100ACC34C /* BleContentTransfer.swift */ = {isa = PBXFileReference; lastKnownFileType = sourcecode.swift; path = BleContentTransfer.swift; sourceTree = "<group>"; };
		D51D1412293A53BD0028AEDD /* WifiCellViewModel.swift */ = {isa = PBXFileReference; lastKnownFileType = sourcecode.swift; path = WifiCellViewModel.swift; sourceTree = "<group>"; };
		D5267410292E902700D4C79E /* Networking.swift */ = {isa = PBXFileReference; lastKnownFileType = sourcecode.swift; path = Networking.swift; sourceTree = "<group>"; };
		D5269BFF291960A300C0CE4B /* WifiSelection.swift */ = {isa = PBXFileReference; lastKnownFileType = sourcecode.swift; name = WifiSelection.swift; path = "PyLeap/Views/Unpaired View/WifiSelection.swift"; sourceTree = SOURCE_ROOT; };
		D5269C01291997DE00C0CE4B /* WifiServiceCellView.swift */ = {isa = PBXFileReference; lastKnownFileType = sourcecode.swift; name = WifiServiceCellView.swift; path = ../../../../../../Desktop/WifiServiceCellView.swift; sourceTree = "<group>"; };
		D5269C032919985400C0CE4B /* WifiServiceCellSubView.swift */ = {isa = PBXFileReference; lastKnownFileType = sourcecode.swift; name = WifiServiceCellSubView.swift; path = ../../../../../../Desktop/WifiServiceCellSubView.swift; sourceTree = "<group>"; };
		D5269C07291AB75800C0CE4B /* WifiPairingView.swift */ = {isa = PBXFileReference; lastKnownFileType = sourcecode.swift; path = WifiPairingView.swift; sourceTree = "<group>"; };
		D52A926C29071DF400973B6B /* SelectionView.swift */ = {isa = PBXFileReference; lastKnownFileType = sourcecode.swift; path = SelectionView.swift; sourceTree = "<group>"; };
		D52A926E29078E0A00973B6B /* WifiServiceSelectionView.swift */ = {isa = PBXFileReference; lastKnownFileType = sourcecode.swift; path = WifiServiceSelectionView.swift; sourceTree = "<group>"; };
		D52BE7EA269DF36E00630900 /* DownloadViewModel.swift */ = {isa = PBXFileReference; lastKnownFileType = sourcecode.swift; path = DownloadViewModel.swift; sourceTree = "<group>"; };
		D52BE85326A0E39100630900 /* BTConnectionViewModel.swift */ = {isa = PBXFileReference; lastKnownFileType = sourcecode.swift; path = BTConnectionViewModel.swift; sourceTree = "<group>"; };
		D52F7E702672F4C400911D43 /* PyLeap.app */ = {isa = PBXFileReference; explicitFileType = wrapper.application; includeInIndex = 0; path = PyLeap.app; sourceTree = BUILT_PRODUCTS_DIR; };
		D52F7E732672F4C400911D43 /* PyLeapApp.swift */ = {isa = PBXFileReference; lastKnownFileType = sourcecode.swift; path = PyLeapApp.swift; sourceTree = "<group>"; };
		D52F7E772672F4C500911D43 /* Assets.xcassets */ = {isa = PBXFileReference; lastKnownFileType = folder.assetcatalog; path = Assets.xcassets; sourceTree = "<group>"; };
		D52F7E7A2672F4C500911D43 /* Preview Assets.xcassets */ = {isa = PBXFileReference; lastKnownFileType = folder.assetcatalog; path = "Preview Assets.xcassets"; sourceTree = "<group>"; };
		D52F7E7C2672F4C500911D43 /* Info.plist */ = {isa = PBXFileReference; lastKnownFileType = text.plist.xml; path = Info.plist; sourceTree = "<group>"; };
		D534F3FB280B59090053699C /* ExampleView.swift */ = {isa = PBXFileReference; lastKnownFileType = sourcecode.swift; path = ExampleView.swift; sourceTree = "<group>"; };
		D535E21528E1FA910096E548 /* ScrollRefreshableView.swift */ = {isa = PBXFileReference; lastKnownFileType = sourcecode.swift; path = ScrollRefreshableView.swift; sourceTree = "<group>"; };
		D5361097296F5E5400228E15 /* JSONDecoderHelper.swift */ = {isa = PBXFileReference; lastKnownFileType = sourcecode.swift; path = JSONDecoderHelper.swift; sourceTree = "<group>"; };
		D5361099296FB2BB00228E15 /* DataStore.swift */ = {isa = PBXFileReference; lastKnownFileType = sourcecode.swift; path = DataStore.swift; sourceTree = "<group>"; };
		D544A1D1281B9BB70038D483 /* Buttons.swift */ = {isa = PBXFileReference; lastKnownFileType = sourcecode.swift; path = Buttons.swift; sourceTree = "<group>"; };
		D544A24A281F92840038D483 /* ImageCaching.swift */ = {isa = PBXFileReference; lastKnownFileType = sourcecode.swift; path = ImageCaching.swift; sourceTree = "<group>"; };
		D544A24E282046840038D483 /* OnAnimationComplete.swift */ = {isa = PBXFileReference; lastKnownFileType = sourcecode.swift; path = OnAnimationComplete.swift; sourceTree = "<group>"; };
		D544A2502822D4730038D483 /* Spotlight Extension.swift */ = {isa = PBXFileReference; lastKnownFileType = sourcecode.swift; path = "Spotlight Extension.swift"; sourceTree = "<group>"; };
		D5482F4828E63DB7000B0C8E /* MainSelectionViewModel.swift */ = {isa = PBXFileReference; lastKnownFileType = sourcecode.swift; path = MainSelectionViewModel.swift; sourceTree = "<group>"; };
		D5482F4A28E75053000B0C8E /* LocalNetworkAuth.swift */ = {isa = PBXFileReference; lastKnownFileType = sourcecode.swift; path = LocalNetworkAuth.swift; sourceTree = "<group>"; };
		D54D38B82691E0D000FBFE47 /* KeyboardUtils.swift */ = {isa = PBXFileReference; lastKnownFileType = sourcecode.swift; path = KeyboardUtils.swift; sourceTree = "<group>"; };
		D54D38C52692044800FBFE47 /* PeripheralList.swift */ = {isa = PBXFileReference; lastKnownFileType = sourcecode.swift; path = PeripheralList.swift; sourceTree = "<group>"; };
		D54D38C62692044800FBFE47 /* PeripheralAutoConnect.swift */ = {isa = PBXFileReference; lastKnownFileType = sourcecode.swift; path = PeripheralAutoConnect.swift; sourceTree = "<group>"; };
		D5507ACB26C668BC00512BAA /* BleModuleView.swift */ = {isa = PBXFileReference; lastKnownFileType = sourcecode.swift; path = BleModuleView.swift; sourceTree = "<group>"; };
		D5507ACC26C668BC00512BAA /* BleModuleViewModel.swift */ = {isa = PBXFileReference; lastKnownFileType = sourcecode.swift; path = BleModuleViewModel.swift; sourceTree = "<group>"; };
		D5507ACF26C668BC00512BAA /* SearchBarView.swift */ = {isa = PBXFileReference; lastKnownFileType = sourcecode.swift; path = SearchBarView.swift; sourceTree = "<group>"; };
		D5597BF726A9E14B00DF17C0 /* AppDelegate.swift */ = {isa = PBXFileReference; lastKnownFileType = sourcecode.swift; path = AppDelegate.swift; sourceTree = "<group>"; };
		D5597C0126ADDCE300DF17C0 /* StartupView.swift */ = {isa = PBXFileReference; lastKnownFileType = sourcecode.swift; path = StartupView.swift; sourceTree = "<group>"; };
		D5597C0326ADDD5E00DF17C0 /* StartupViewModel.swift */ = {isa = PBXFileReference; lastKnownFileType = sourcecode.swift; path = StartupViewModel.swift; sourceTree = "<group>"; };
		D5597C0726AF018800DF17C0 /* HideKeyboard.swift */ = {isa = PBXFileReference; lastKnownFileType = sourcecode.swift; path = HideKeyboard.swift; sourceTree = "<group>"; };
		D5597C0926AF018800DF17C0 /* View+If.swift */ = {isa = PBXFileReference; lastKnownFileType = sourcecode.swift; path = "View+If.swift"; sourceTree = "<group>"; };
		D5597C3A26B98E1E00DF17C0 /* NumbersOnly.swift */ = {isa = PBXFileReference; lastKnownFileType = sourcecode.swift; path = NumbersOnly.swift; sourceTree = "<group>"; };
		D5640215271B54BF00AE1519 /* MainSelectionView.swift */ = {isa = PBXFileReference; lastKnownFileType = sourcecode.swift; path = MainSelectionView.swift; sourceTree = "<group>"; };
		D567E2B428B80DC10009F768 /* Outline.md */ = {isa = PBXFileReference; lastKnownFileType = net.daringfireball.markdown; path = Outline.md; sourceTree = "<group>"; };
		D567E2B528B81B730009F768 /* Queue.swift */ = {isa = PBXFileReference; lastKnownFileType = sourcecode.swift; path = Queue.swift; sourceTree = "<group>"; };
		D567E2B728C137880009F768 /* WifiCell.swift */ = {isa = PBXFileReference; lastKnownFileType = sourcecode.swift; path = WifiCell.swift; sourceTree = "<group>"; };
		D567E2B928C1382E0009F768 /* WifiSubViewCell.swift */ = {isa = PBXFileReference; lastKnownFileType = sourcecode.swift; path = WifiSubViewCell.swift; sourceTree = "<group>"; };
		D567E2BB28C1527F0009F768 /* WifiSubViewCellModel.swift */ = {isa = PBXFileReference; lastKnownFileType = sourcecode.swift; path = WifiSubViewCellModel.swift; sourceTree = "<group>"; };
		D567E2DE28C8D40C0009F768 /* SettingsView.swift */ = {isa = PBXFileReference; lastKnownFileType = sourcecode.swift; path = SettingsView.swift; sourceTree = "<group>"; };
		D56B75D3294BAAB400D008E7 /* BLESettingsView.swift */ = {isa = PBXFileReference; lastKnownFileType = sourcecode.swift; path = BLESettingsView.swift; sourceTree = "<group>"; };
		D56B75D5294BAACE00D008E7 /* BLESettingsViewModel.swift */ = {isa = PBXFileReference; lastKnownFileType = sourcecode.swift; path = BLESettingsViewModel.swift; sourceTree = "<group>"; };
		D56F6407270242CA000E5975 /* UIColor+LightAndDark.swift */ = {isa = PBXFileReference; lastKnownFileType = sourcecode.swift; path = "UIColor+LightAndDark.swift"; sourceTree = "<group>"; };
		D56F6408270242CA000E5975 /* String+DeletingPrefix.swift */ = {isa = PBXFileReference; lastKnownFileType = sourcecode.swift; path = "String+DeletingPrefix.swift"; sourceTree = "<group>"; };
		D56F640A270242CA000E5975 /* FileTransferPathUtils.swift */ = {isa = PBXFileReference; lastKnownFileType = sourcecode.swift; path = FileTransferPathUtils.swift; sourceTree = "<group>"; };
		D57858EC28327E18008E8BE4 /* PairingTutorialView.swift */ = {isa = PBXFileReference; lastKnownFileType = sourcecode.swift; path = PairingTutorialView.swift; sourceTree = "<group>"; };
		D57858F02832D9C8008E8BE4 /* CreditView.swift */ = {isa = PBXFileReference; lastKnownFileType = sourcecode.swift; path = CreditView.swift; sourceTree = "<group>"; };
		D57858F228333CBC008E8BE4 /* TroubleshootView.swift */ = {isa = PBXFileReference; lastKnownFileType = sourcecode.swift; path = TroubleshootView.swift; sourceTree = "<group>"; };
		D58182FA27F732E40091C43B /* SubCellViewModel.swift */ = {isa = PBXFileReference; lastKnownFileType = sourcecode.swift; path = SubCellViewModel.swift; sourceTree = "<group>"; };
		D58182FC27FBF09F0091C43B /* BLEPairingView.swift */ = {isa = PBXFileReference; lastKnownFileType = sourcecode.swift; path = BLEPairingView.swift; sourceTree = "<group>"; };
		D58358ED27DA5C0F0069F7F5 /* NetworkError.swift */ = {isa = PBXFileReference; lastKnownFileType = sourcecode.swift; path = NetworkError.swift; sourceTree = "<group>"; };
		D585CABC276CF97B0010185A /* FileTransferClient */ = {isa = PBXFileReference; lastKnownFileType = folder; path = FileTransferClient; sourceTree = "<group>"; };
		D58D887A26CC02B60085604A /* OnboardingViewPure.swift */ = {isa = PBXFileReference; lastKnownFileType = sourcecode.swift; path = OnboardingViewPure.swift; sourceTree = "<group>"; };
		D58E1C8728A2B10B00AB683E /* WifiView.swift */ = {isa = PBXFileReference; lastKnownFileType = sourcecode.swift; path = WifiView.swift; sourceTree = "<group>"; };
		D58E1C8928A2B15E00AB683E /* WifiViewModel.swift */ = {isa = PBXFileReference; lastKnownFileType = sourcecode.swift; path = WifiViewModel.swift; sourceTree = "<group>"; };
		D58E1C8C28A2B32C00AB683E /* Wifi_ifaddrs.m */ = {isa = PBXFileReference; lastKnownFileType = sourcecode.c.objc; path = Wifi_ifaddrs.m; sourceTree = "<group>"; };
		D58E1C8E28A30A5300AB683E /* WifiNetworkService.swift */ = {isa = PBXFileReference; lastKnownFileType = sourcecode.swift; path = WifiNetworkService.swift; sourceTree = "<group>"; };
		D595FC2D2812C23D00569D8C /* Image Extension.swift */ = {isa = PBXFileReference; lastKnownFileType = sourcecode.swift; path = "Image Extension.swift"; sourceTree = "<group>"; };
		D59DFD8E268A4A4D001737F6 /* BTConnectionView.swift */ = {isa = PBXFileReference; lastKnownFileType = sourcecode.swift; path = BTConnectionView.swift; sourceTree = "<group>"; };
		D59DFDB5268CD052001737F6 /* AppEnvironment.swift */ = {isa = PBXFileReference; lastKnownFileType = sourcecode.swift; path = AppEnvironment.swift; sourceTree = "<group>"; };
		D59DFDB9268CDEEC001737F6 /* RootViewModel.swift */ = {isa = PBXFileReference; lastKnownFileType = sourcecode.swift; path = RootViewModel.swift; sourceTree = "<group>"; };
		D59DFDBB268CE0EB001737F6 /* RootView.swift */ = {isa = PBXFileReference; lastKnownFileType = sourcecode.swift; path = RootView.swift; sourceTree = "<group>"; };
		D59DFDC1268CFA36001737F6 /* OnboardingStepView.swift */ = {isa = PBXFileReference; lastKnownFileType = sourcecode.swift; path = OnboardingStepView.swift; sourceTree = "<group>"; };
		D59DFDC3268CFAB4001737F6 /* OnboardingDataModel.swift */ = {isa = PBXFileReference; lastKnownFileType = sourcecode.swift; path = OnboardingDataModel.swift; sourceTree = "<group>"; };
		D59E31A9281B8DD300D24211 /* DownloadState.swift */ = {isa = PBXFileReference; lastKnownFileType = sourcecode.swift; path = DownloadState.swift; sourceTree = "<group>"; };
		D5A3D4ED292575F000ECCEC9 /* ReadexPro-SemiBold.ttf */ = {isa = PBXFileReference; lastKnownFileType = file; path = "ReadexPro-SemiBold.ttf"; sourceTree = "<group>"; };
		D5AA27F728CA785B001CCE25 /* CircuitPythonType.swift */ = {isa = PBXFileReference; lastKnownFileType = sourcecode.swift; path = CircuitPythonType.swift; sourceTree = "<group>"; };
		D5AA27F928CA8D46001CCE25 /* WifiStatusHeaderBarView.swift */ = {isa = PBXFileReference; lastKnownFileType = sourcecode.swift; path = WifiStatusHeaderBarView.swift; sourceTree = "<group>"; };
		D5BA1F7928B52A490012FC62 /* WifiListDetailView.swift */ = {isa = PBXFileReference; lastKnownFileType = sourcecode.swift; path = WifiListDetailView.swift; sourceTree = "<group>"; };
		D5BA1F7E28B66F280012FC62 /* WifiServiceManager.swift */ = {isa = PBXFileReference; lastKnownFileType = sourcecode.swift; path = WifiServiceManager.swift; sourceTree = "<group>"; };
		D5BA1F8028B66F920012FC62 /* CircuitPythonService.swift */ = {isa = PBXFileReference; lastKnownFileType = sourcecode.swift; path = CircuitPythonService.swift; sourceTree = "<group>"; };
		D5BA1F8228B68ED40012FC62 /* NetworkPeripheral.swift */ = {isa = PBXFileReference; lastKnownFileType = sourcecode.swift; path = NetworkPeripheral.swift; sourceTree = "<group>"; };
		D5C474AB27E174A5002DD160 /* WebView Content.swift */ = {isa = PBXFileReference; lastKnownFileType = sourcecode.swift; path = "WebView Content.swift"; sourceTree = "<group>"; };
		D5C474C227E39FAD002DD160 /* ReadexPro-Bold.ttf */ = {isa = PBXFileReference; lastKnownFileType = file; path = "ReadexPro-Bold.ttf"; sourceTree = "<group>"; };
		D5C474C527E39FC8002DD160 /* ReadexPro-Light.ttf */ = {isa = PBXFileReference; lastKnownFileType = file; path = "ReadexPro-Light.ttf"; sourceTree = "<group>"; };
		D5C474C627E39FC8002DD160 /* ReadexPro-Medium.ttf */ = {isa = PBXFileReference; lastKnownFileType = file; path = "ReadexPro-Medium.ttf"; sourceTree = "<group>"; };
		D5C474C727E39FC8002DD160 /* ReadexPro-Regular.ttf */ = {isa = PBXFileReference; lastKnownFileType = file; path = "ReadexPro-Regular.ttf"; sourceTree = "<group>"; };
		D5C6D42028C8EA0700F5C7C9 /* WifiHeaderView.swift */ = {isa = PBXFileReference; lastKnownFileType = sourcecode.swift; path = WifiHeaderView.swift; sourceTree = "<group>"; };
		D5C74DF227EB92FA00730505 /* View+Extensions.swift */ = {isa = PBXFileReference; lastKnownFileType = sourcecode.swift; path = "View+Extensions.swift"; sourceTree = "<group>"; };
		D5C74DF427EB93E300730505 /* DemoViewCell.swift */ = {isa = PBXFileReference; lastKnownFileType = sourcecode.swift; path = DemoViewCell.swift; sourceTree = "<group>"; };
		D5CC6BAD2816FD27008629FB /* Config.swift */ = {isa = PBXFileReference; lastKnownFileType = sourcecode.swift; path = Config.swift; sourceTree = "<group>"; };
		D5CC6BAF2816FDA1008629FB /* BluetoothStatusView.swift */ = {isa = PBXFileReference; lastKnownFileType = sourcecode.swift; path = BluetoothStatusView.swift; sourceTree = "<group>"; };
		D5CC6BB328173AE0008629FB /* HeaderView.swift */ = {isa = PBXFileReference; lastKnownFileType = sourcecode.swift; path = HeaderView.swift; sourceTree = "<group>"; };
		D5CC6BB528173B91008629FB /* SubHeaderView.swift */ = {isa = PBXFileReference; lastKnownFileType = sourcecode.swift; path = SubHeaderView.swift; sourceTree = "<group>"; };
		D5D1F4A327EBA7E30040E2BF /* NetworkManager.swift */ = {isa = PBXFileReference; lastKnownFileType = sourcecode.swift; path = NetworkManager.swift; sourceTree = "<group>"; };
		D5D1F4A527EBA9C80040E2BF /* DemoSubCellView.swift */ = {isa = PBXFileReference; lastKnownFileType = sourcecode.swift; path = DemoSubCellView.swift; sourceTree = "<group>"; };
		D5D1F4AD27ECFDA10040E2BF /* GifImage.swift */ = {isa = PBXFileReference; lastKnownFileType = sourcecode.swift; path = GifImage.swift; sourceTree = "<group>"; };
		D5D1F4AF27ECFDE00040E2BF /* NavBarModifier.swift */ = {isa = PBXFileReference; lastKnownFileType = sourcecode.swift; path = NavBarModifier.swift; sourceTree = "<group>"; };
		D5D1F4B127ECFF760040E2BF /* ProjectsModel.swift */ = {isa = PBXFileReference; lastKnownFileType = sourcecode.swift; path = ProjectsModel.swift; sourceTree = "<group>"; };
		D5D1F4B727ED2F4F0040E2BF /* FileManagerCheck.swift */ = {isa = PBXFileReference; lastKnownFileType = sourcecode.swift; path = FileManagerCheck.swift; sourceTree = "<group>"; };
		D5D5BB3828DD19F000E5D93F /* BleContentCommands.swift */ = {isa = PBXFileReference; lastKnownFileType = sourcecode.swift; path = BleContentCommands.swift; sourceTree = "<group>"; };
		D5D7DF2A28B3E321008552D1 /* BasicCredentials.swift */ = {isa = PBXFileReference; lastKnownFileType = sourcecode.swift; path = BasicCredentials.swift; sourceTree = "<group>"; };
		D5D7DF2C28B489C0008552D1 /* WebDirectoryModel.swift */ = {isa = PBXFileReference; lastKnownFileType = sourcecode.swift; path = WebDirectoryModel.swift; sourceTree = "<group>"; };
		D5DD39A628D11817000FAEB8 /* WifiFileTransfer.swift */ = {isa = PBXFileReference; lastKnownFileType = sourcecode.swift; path = WifiFileTransfer.swift; sourceTree = "<group>"; };
		D5DD39A828D11962000FAEB8 /* WifiTransferService.swift */ = {isa = PBXFileReference; lastKnownFileType = sourcecode.swift; path = WifiTransferService.swift; sourceTree = "<group>"; };
		D5DD39AA28D234C3000FAEB8 /* SettingsViewModel.swift */ = {isa = PBXFileReference; lastKnownFileType = sourcecode.swift; path = SettingsViewModel.swift; sourceTree = "<group>"; };
		D5ECF4B828C8E3C600FBF93D /* PyLeap-Bridging-Header.h */ = {isa = PBXFileReference; lastKnownFileType = sourcecode.c.h; path = "PyLeap-Bridging-Header.h"; sourceTree = "<group>"; };
		D5F53CEA2694B524007634C2 /* Blinka Animation.swift */ = {isa = PBXFileReference; lastKnownFileType = sourcecode.swift; path = "Blinka Animation.swift"; sourceTree = "<group>"; };
		D5F53CEC2694B7A9007634C2 /* OnboardingBackgroundView.swift */ = {isa = PBXFileReference; lastKnownFileType = sourcecode.swift; path = OnboardingBackgroundView.swift; sourceTree = "<group>"; };
/* End PBXFileReference section */

/* Begin PBXFrameworksBuildPhase section */
		D52F7E6D2672F4C400911D43 /* Frameworks */ = {
			isa = PBXFrameworksBuildPhase;
			buildActionMask = 2147483647;
			files = (
				D585CABE276CFC040010185A /* FileTransferClient in Frameworks */,
				D52BE7F3269DF62100630900 /* Zip in Frameworks */,
			);
			runOnlyForDeploymentPostprocessing = 0;
		};
/* End PBXFrameworksBuildPhase section */

/* Begin PBXGroup section */
		A95E4585272A1CD4002895B0 /* Frameworks */ = {
			isa = PBXGroup;
			children = (
			);
			name = Frameworks;
			sourceTree = "<group>";
		};
		A9AD8722272A18D400322CF8 /* Packages */ = {
			isa = PBXGroup;
			children = (
				D585CABC276CF97B0010185A /* FileTransferClient */,
			);
			name = Packages;
			sourceTree = "<group>";
		};
		D52F7E672672F4C400911D43 = {
			isa = PBXGroup;
			children = (
				D52F7E722672F4C400911D43 /* PyLeap */,
				A9AD8722272A18D400322CF8 /* Packages */,
				D52F7E712672F4C400911D43 /* Products */,
				A95E4585272A1CD4002895B0 /* Frameworks */,
			);
			sourceTree = "<group>";
		};
		D52F7E712672F4C400911D43 /* Products */ = {
			isa = PBXGroup;
			children = (
				D52F7E702672F4C400911D43 /* PyLeap.app */,
			);
			name = Products;
			sourceTree = "<group>";
		};
		D52F7E722672F4C400911D43 /* PyLeap */ = {
			isa = PBXGroup;
			children = (
				D50237E3280994F900F1EE8A /* PyLeap.entitlements */,
				D52F7E732672F4C400911D43 /* PyLeapApp.swift */,
				D5597BF726A9E14B00DF17C0 /* AppDelegate.swift */,
				D59DFDB5268CD052001737F6 /* AppEnvironment.swift */,
				D534F3FB280B59090053699C /* ExampleView.swift */,
				D544A2502822D4730038D483 /* Spotlight Extension.swift */,
				D567E2B428B80DC10009F768 /* Outline.md */,
				D5C74DF027EB92E900730505 /* Model */,
				D59DFDB2268CCEAC001737F6 /* Views */,
				D5C74DEE27EB91D600730505 /* Networking */,
				D5C74DED27EB919200730505 /* Resource */,
				D5C41D6726C5F509004C38E3 /* Download View */,
				D54D38B72691E0D000FBFE47 /* Utils */,
				D54D38BF2692044800FBFE47 /* Models */,
				D52F7E772672F4C500911D43 /* Assets.xcassets */,
				D52F7E7C2672F4C500911D43 /* Info.plist */,
				D5597BFD26AB1A0B00DF17C0 /* Resources */,
				D52F7E792672F4C500911D43 /* Preview Content */,
			);
			path = PyLeap;
			sourceTree = "<group>";
		};
		D52F7E792672F4C500911D43 /* Preview Content */ = {
			isa = PBXGroup;
			children = (
				D52F7E7A2672F4C500911D43 /* Preview Assets.xcassets */,
			);
			path = "Preview Content";
			sourceTree = "<group>";
		};
		D54D38B72691E0D000FBFE47 /* Utils */ = {
			isa = PBXGroup;
			children = (
				D5597C0926AF018800DF17C0 /* View+If.swift */,
				D5C74DF227EB92FA00730505 /* View+Extensions.swift */,
				D5597C0726AF018800DF17C0 /* HideKeyboard.swift */,
				D56F640A270242CA000E5975 /* FileTransferPathUtils.swift */,
				D56F6408270242CA000E5975 /* String+DeletingPrefix.swift */,
				D56F6407270242CA000E5975 /* UIColor+LightAndDark.swift */,
				D5D1F4AF27ECFDE00040E2BF /* NavBarModifier.swift */,
				D54D38B82691E0D000FBFE47 /* KeyboardUtils.swift */,
			);
			name = Utils;
			path = ViewModels/Utils;
			sourceTree = "<group>";
		};
		D54D38BF2692044800FBFE47 /* Models */ = {
			isa = PBXGroup;
			children = (
				D54D38C42692044800FBFE47 /* Scanner */,
				D5597C3A26B98E1E00DF17C0 /* NumbersOnly.swift */,
			);
			path = Models;
			sourceTree = "<group>";
		};
		D54D38C42692044800FBFE47 /* Scanner */ = {
			isa = PBXGroup;
			children = (
				D54D38C52692044800FBFE47 /* PeripheralList.swift */,
				D54D38C62692044800FBFE47 /* PeripheralAutoConnect.swift */,
			);
			path = Scanner;
			sourceTree = "<group>";
		};
		D5507ACE26C668BC00512BAA /* UI Components */ = {
			isa = PBXGroup;
			children = (
				D5CC6BB328173AE0008629FB /* HeaderView.swift */,
				D5C6D42028C8EA0700F5C7C9 /* WifiHeaderView.swift */,
				D544A1D1281B9BB70038D483 /* Buttons.swift */,
				D5CC6BB528173B91008629FB /* SubHeaderView.swift */,
				D5507ACF26C668BC00512BAA /* SearchBarView.swift */,
				D5F53CEA2694B524007634C2 /* Blinka Animation.swift */,
				D544A24E282046840038D483 /* OnAnimationComplete.swift */,
			);
			path = "UI Components";
			sourceTree = "<group>";
		};
		D5597BFD26AB1A0B00DF17C0 /* Resources */ = {
			isa = PBXGroup;
			children = (
			);
			path = Resources;
			sourceTree = "<group>";
		};
		D567E2DD28C8D3E20009F768 /* SettingsView */ = {
			isa = PBXGroup;
			children = (
				D56B75D2294BAA8900D008E7 /* BLESetttings */,
				D567E2DE28C8D40C0009F768 /* SettingsView.swift */,
				D5DD39AA28D234C3000FAEB8 /* SettingsViewModel.swift */,
			);
			path = SettingsView;
			sourceTree = "<group>";
		};
		D56B75D2294BAA8900D008E7 /* BLESetttings */ = {
			isa = PBXGroup;
			children = (
				D56B75D3294BAAB400D008E7 /* BLESettingsView.swift */,
				D56B75D5294BAACE00D008E7 /* BLESettingsViewModel.swift */,
			);
			path = BLESetttings;
			sourceTree = "<group>";
		};
		D58E1C8628A2B0DE00AB683E /* Wifi View */ = {
			isa = PBXGroup;
			children = (
				D567E2DD28C8D3E20009F768 /* SettingsView */,
				D58E1C8728A2B10B00AB683E /* WifiView.swift */,
				D567E2B728C137880009F768 /* WifiCell.swift */,
				D51D1412293A53BD0028AEDD /* WifiCellViewModel.swift */,
				D567E2B928C1382E0009F768 /* WifiSubViewCell.swift */,
				D58E1C8928A2B15E00AB683E /* WifiViewModel.swift */,
				D5269C07291AB75800C0CE4B /* WifiPairingView.swift */,
				D52A926E29078E0A00973B6B /* WifiServiceSelectionView.swift */,
				D5269BFF291960A300C0CE4B /* WifiSelection.swift */,
				D5269C01291997DE00C0CE4B /* WifiServiceCellView.swift */,
				D5269C032919985400C0CE4B /* WifiServiceCellSubView.swift */,
				D5BA1F7E28B66F280012FC62 /* WifiServiceManager.swift */,
				D5DD39A628D11817000FAEB8 /* WifiFileTransfer.swift */,
				D5DD39A828D11962000FAEB8 /* WifiTransferService.swift */,
				D5AA27F728CA785B001CCE25 /* CircuitPythonType.swift */,
				D5482F4A28E75053000B0C8E /* LocalNetworkAuth.swift */,
				D5AA27F928CA8D46001CCE25 /* WifiStatusHeaderBarView.swift */,
				D567E2BB28C1527F0009F768 /* WifiSubViewCellModel.swift */,
				D567E2B528B81B730009F768 /* Queue.swift */,
				D5BA1F7928B52A490012FC62 /* WifiListDetailView.swift */,
				D5BA1F8028B66F920012FC62 /* CircuitPythonService.swift */,
				D58E1C8E28A30A5300AB683E /* WifiNetworkService.swift */,
				D5BA1F8228B68ED40012FC62 /* NetworkPeripheral.swift */,
				D5D7DF2A28B3E321008552D1 /* BasicCredentials.swift */,
				D58E1C8C28A2B32C00AB683E /* Wifi_ifaddrs.m */,
				D5ECF4B828C8E3C600FBF93D /* PyLeap-Bridging-Header.h */,
			);
			path = "Wifi View";
			sourceTree = "<group>";
		};
		D59DFDB2268CCEAC001737F6 /* Views */ = {
			isa = PBXGroup;
			children = (
				D58E1C8628A2B0DE00AB683E /* Wifi View */,
				D5507ACE26C668BC00512BAA /* UI Components */,
				D59DFDB3268CCEB9001737F6 /* Onboarding Views */,
				D5C474AA27E1746F002DD160 /* WebView */,
				D5D1F4A727EBA9DD0040E2BF /* Reusable Views */,
				D5D1F4A827ECBEA10040E2BF /* Unpaired View */,
				D5D1F4AA27ECF4590040E2BF /* Bluetooth Pairing View */,
				D5D1F4A927ECBEBA0040E2BF /* Paired View */,
				D5D1F4AB27ECFD080040E2BF /* Root View */,
				D517F68026C5771D002996E8 /* FillerView.swift */,
				D5D1F4AC27ECFD200040E2BF /* Startup View */,
			);
			path = Views;
			sourceTree = "<group>";
		};
		D59DFDB3268CCEB9001737F6 /* Onboarding Views */ = {
			isa = PBXGroup;
			children = (
				D59DFDC1268CFA36001737F6 /* OnboardingStepView.swift */,
				D59DFDC3268CFAB4001737F6 /* OnboardingDataModel.swift */,
				D5F53CEC2694B7A9007634C2 /* OnboardingBackgroundView.swift */,
				D58D887A26CC02B60085604A /* OnboardingViewPure.swift */,
			);
			path = "Onboarding Views";
			sourceTree = "<group>";
		};
		D5C41D6726C5F509004C38E3 /* Download View */ = {
			isa = PBXGroup;
			children = (
				D52BE7EA269DF36E00630900 /* DownloadViewModel.swift */,
				D5D1F4B727ED2F4F0040E2BF /* FileManagerCheck.swift */,
			);
			path = "Download View";
			sourceTree = "<group>";
		};
		D5C474AA27E1746F002DD160 /* WebView */ = {
			isa = PBXGroup;
			children = (
				D5C474AB27E174A5002DD160 /* WebView Content.swift */,
			);
			path = WebView;
			sourceTree = "<group>";
		};
		D5C474C127E39FAD002DD160 /* AddedFont */ = {
			isa = PBXGroup;
			children = (
				D5C474C327E39FB8002DD160 /* ReadexPro */,
			);
			path = AddedFont;
			sourceTree = "<group>";
		};
		D5C474C327E39FB8002DD160 /* ReadexPro */ = {
			isa = PBXGroup;
			children = (
				D5C474C627E39FC8002DD160 /* ReadexPro-Medium.ttf */,
				D5C474C727E39FC8002DD160 /* ReadexPro-Regular.ttf */,
				D5C474C527E39FC8002DD160 /* ReadexPro-Light.ttf */,
				D5A3D4ED292575F000ECCEC9 /* ReadexPro-SemiBold.ttf */,
				D5C474C227E39FAD002DD160 /* ReadexPro-Bold.ttf */,
			);
			path = ReadexPro;
			sourceTree = "<group>";
		};
		D5C74DED27EB919200730505 /* Resource */ = {
			isa = PBXGroup;
			children = (
				D5C474C127E39FAD002DD160 /* AddedFont */,
				D505B99D2756894300386E9F /* ViewModifier.swift */,
				D5D1F4AD27ECFDA10040E2BF /* GifImage.swift */,
			);
			path = Resource;
			sourceTree = "<group>";
		};
		D5C74DEE27EB91D600730505 /* Networking */ = {
			isa = PBXGroup;
			children = (
				D505B99B2755323C00386E9F /* NetworkMonitor.swift */,
				D544A24A281F92840038D483 /* ImageCaching.swift */,
				D5267410292E902700D4C79E /* Networking.swift */,
				D5D1F4A327EBA7E30040E2BF /* NetworkManager.swift */,
				D58358ED27DA5C0F0069F7F5 /* NetworkError.swift */,
				D595FC2D2812C23D00569D8C /* Image Extension.swift */,
				D5361097296F5E5400228E15 /* JSONDecoderHelper.swift */,
			);
			path = Networking;
			sourceTree = "<group>";
		};
		D5C74DF027EB92E900730505 /* Model */ = {
			isa = PBXGroup;
			children = (
				D5D1F4B127ECFF760040E2BF /* ProjectsModel.swift */,
				D5361099296FB2BB00228E15 /* DataStore.swift */,
				D5D7DF2C28B489C0008552D1 /* WebDirectoryModel.swift */,
			);
			path = Model;
			sourceTree = "<group>";
		};
		D5D1F4A727EBA9DD0040E2BF /* Reusable Views */ = {
			isa = PBXGroup;
			children = (
				D5C74DF427EB93E300730505 /* DemoViewCell.swift */,
				D535E21528E1FA910096E548 /* ScrollRefreshableView.swift */,
				D5D1F4A527EBA9C80040E2BF /* DemoSubCellView.swift */,
				D58182FA27F732E40091C43B /* SubCellViewModel.swift */,
			);
			path = "Reusable Views";
			sourceTree = "<group>";
		};
		D5D1F4A827ECBEA10040E2BF /* Unpaired View */ = {
			isa = PBXGroup;
			children = (
				D5640215271B54BF00AE1519 /* MainSelectionView.swift */,
				D52A926C29071DF400973B6B /* SelectionView.swift */,
				D5482F4828E63DB7000B0C8E /* MainSelectionViewModel.swift */,
			);
			path = "Unpaired View";
			sourceTree = "<group>";
		};
		D5D1F4A927ECBEBA0040E2BF /* Paired View */ = {
			isa = PBXGroup;
			children = (
				D59E31A9281B8DD300D24211 /* DownloadState.swift */,
				D5507ACB26C668BC00512BAA /* BleModuleView.swift */,
				D5507ACC26C668BC00512BAA /* BleModuleViewModel.swift */,
				D5199A2E28DD16F100ACC34C /* BleContentTransfer.swift */,
				D5D5BB3828DD19F000E5D93F /* BleContentCommands.swift */,
			);
			path = "Paired View";
			sourceTree = "<group>";
		};
		D5D1F4AA27ECF4590040E2BF /* Bluetooth Pairing View */ = {
			isa = PBXGroup;
			children = (
				D59DFD8E268A4A4D001737F6 /* BTConnectionView.swift */,
				D57858EC28327E18008E8BE4 /* PairingTutorialView.swift */,
				D57858F228333CBC008E8BE4 /* TroubleshootView.swift */,
				D57858F02832D9C8008E8BE4 /* CreditView.swift */,
				D5CC6BAF2816FDA1008629FB /* BluetoothStatusView.swift */,
				D58182FC27FBF09F0091C43B /* BLEPairingView.swift */,
				D52BE85326A0E39100630900 /* BTConnectionViewModel.swift */,
			);
			path = "Bluetooth Pairing View";
			sourceTree = "<group>";
		};
		D5D1F4AB27ECFD080040E2BF /* Root View */ = {
			isa = PBXGroup;
			children = (
				D59DFDBB268CE0EB001737F6 /* RootView.swift */,
				D59DFDB9268CDEEC001737F6 /* RootViewModel.swift */,
				D5CC6BAD2816FD27008629FB /* Config.swift */,
			);
			path = "Root View";
			sourceTree = "<group>";
		};
		D5D1F4AC27ECFD200040E2BF /* Startup View */ = {
			isa = PBXGroup;
			children = (
				D5597C0126ADDCE300DF17C0 /* StartupView.swift */,
				D5597C0326ADDD5E00DF17C0 /* StartupViewModel.swift */,
			);
			path = "Startup View";
			sourceTree = "<group>";
		};
/* End PBXGroup section */

/* Begin PBXNativeTarget section */
		D52F7E6F2672F4C400911D43 /* PyLeap */ = {
			isa = PBXNativeTarget;
			buildConfigurationList = D52F7E7F2672F4C500911D43 /* Build configuration list for PBXNativeTarget "PyLeap" */;
			buildPhases = (
				D52F7E6C2672F4C400911D43 /* Sources */,
				D52F7E6D2672F4C400911D43 /* Frameworks */,
				D52F7E6E2672F4C400911D43 /* Resources */,
			);
			buildRules = (
			);
			dependencies = (
			);
			name = PyLeap;
			packageProductDependencies = (
				D52BE7F2269DF62100630900 /* Zip */,
				D585CABD276CFC040010185A /* FileTransferClient */,
			);
			productName = PyLeap;
			productReference = D52F7E702672F4C400911D43 /* PyLeap.app */;
			productType = "com.apple.product-type.application";
		};
/* End PBXNativeTarget section */

/* Begin PBXProject section */
		D52F7E682672F4C400911D43 /* Project object */ = {
			isa = PBXProject;
			attributes = {
				LastSwiftUpdateCheck = 1250;
				LastUpgradeCheck = 1250;
				TargetAttributes = {
					D52F7E6F2672F4C400911D43 = {
						CreatedOnToolsVersion = 12.5;
						LastSwiftMigration = 1340;
					};
				};
			};
			buildConfigurationList = D52F7E6B2672F4C400911D43 /* Build configuration list for PBXProject "PyLeap" */;
			compatibilityVersion = "Xcode 9.3";
			developmentRegion = en;
			hasScannedForEncodings = 0;
			knownRegions = (
				en,
				Base,
			);
			mainGroup = D52F7E672672F4C400911D43;
			packageReferences = (
				D52BE7F1269DF62100630900 /* XCRemoteSwiftPackageReference "Zip" */,
			);
			productRefGroup = D52F7E712672F4C400911D43 /* Products */;
			projectDirPath = "";
			projectRoot = "";
			targets = (
				D52F7E6F2672F4C400911D43 /* PyLeap */,
			);
		};
/* End PBXProject section */

/* Begin PBXResourcesBuildPhase section */
		D52F7E6E2672F4C400911D43 /* Resources */ = {
			isa = PBXResourcesBuildPhase;
			buildActionMask = 2147483647;
			files = (
				D52F7E7B2672F4C500911D43 /* Preview Assets.xcassets in Resources */,
				D5C474C827E39FD7002DD160 /* ReadexPro-Medium.ttf in Resources */,
				D5C474C927E39FDA002DD160 /* ReadexPro-Regular.ttf in Resources */,
				D5C474CA27E39FDD002DD160 /* ReadexPro-Light.ttf in Resources */,
				D5C474CB27E39FE1002DD160 /* ReadexPro-Bold.ttf in Resources */,
				D52F7E782672F4C500911D43 /* Assets.xcassets in Resources */,
			);
			runOnlyForDeploymentPostprocessing = 0;
		};
/* End PBXResourcesBuildPhase section */

/* Begin PBXSourcesBuildPhase section */
		D52F7E6C2672F4C400911D43 /* Sources */ = {
			isa = PBXSourcesBuildPhase;
			buildActionMask = 2147483647;
			files = (
				D5D1F4B827ED2F4F0040E2BF /* FileManagerCheck.swift in Sources */,
				D52BE82A26A0660200630900 /* KeyboardUtils.swift in Sources */,
				D58182FB27F732E40091C43B /* SubCellViewModel.swift in Sources */,
				D5D5BB3928DD19F000E5D93F /* BleContentCommands.swift in Sources */,
				D544A1D2281B9BB70038D483 /* Buttons.swift in Sources */,
				D5D1F4AE27ECFDA10040E2BF /* GifImage.swift in Sources */,
				D58E1C8A28A2B15E00AB683E /* WifiViewModel.swift in Sources */,
				D5267411292E902700D4C79E /* Networking.swift in Sources */,
				D5C474AC27E174A5002DD160 /* WebView Content.swift in Sources */,
				D544A2512822D4730038D483 /* Spotlight Extension.swift in Sources */,
				D56F640D270242CA000E5975 /* FileTransferPathUtils.swift in Sources */,
				D5507AD326C668BC00512BAA /* BleModuleView.swift in Sources */,
				D58182FD27FBF09F0091C43B /* BLEPairingView.swift in Sources */,
				D5BA1F8128B66F920012FC62 /* CircuitPythonService.swift in Sources */,
				D58E1C8F28A30A5300AB683E /* WifiNetworkService.swift in Sources */,
				D59DFDC4268CFAB4001737F6 /* OnboardingDataModel.swift in Sources */,
				D5CC6BB02816FDA1008629FB /* BluetoothStatusView.swift in Sources */,
				D5597C0426ADDD5E00DF17C0 /* StartupViewModel.swift in Sources */,
				D5D7DF2B28B3E321008552D1 /* BasicCredentials.swift in Sources */,
				D56F640C270242CA000E5975 /* UIColor+LightAndDark.swift in Sources */,
				D5F53CED2694B7A9007634C2 /* OnboardingBackgroundView.swift in Sources */,
				D5D1F4B227ECFF760040E2BF /* ProjectsModel.swift in Sources */,
				D5269C02291997DE00C0CE4B /* WifiServiceCellView.swift in Sources */,
				D5BA1F7A28B52A490012FC62 /* WifiListDetailView.swift in Sources */,
				D52F7E742672F4C400911D43 /* PyLeapApp.swift in Sources */,
				D567E2B628B81B730009F768 /* Queue.swift in Sources */,
				D534F3FC280B59090053699C /* ExampleView.swift in Sources */,
				D57858ED28327E18008E8BE4 /* PairingTutorialView.swift in Sources */,
				D58358EE27DA5C0F0069F7F5 /* NetworkError.swift in Sources */,
				D5597C0B26AF018800DF17C0 /* HideKeyboard.swift in Sources */,
				D58E1C8828A2B10B00AB683E /* WifiView.swift in Sources */,
				D5D1F4A627EBA9C80040E2BF /* DemoSubCellView.swift in Sources */,
				D57858F12832D9C8008E8BE4 /* CreditView.swift in Sources */,
				D59DFDB6268CD052001737F6 /* AppEnvironment.swift in Sources */,
				D5CC6BB428173AE0008629FB /* HeaderView.swift in Sources */,
				D52BE85626A0E5A700630900 /* PeripheralAutoConnect.swift in Sources */,
				D52A926D29071DF400973B6B /* SelectionView.swift in Sources */,
				D505B99E2756894300386E9F /* ViewModifier.swift in Sources */,
				D5CC6BB628173B91008629FB /* SubHeaderView.swift in Sources */,
				D51D1413293A53BD0028AEDD /* WifiCellViewModel.swift in Sources */,
				D5269C08291AB75800C0CE4B /* WifiPairingView.swift in Sources */,
				D544A24B281F92840038D483 /* ImageCaching.swift in Sources */,
				D517F68126C5771D002996E8 /* FillerView.swift in Sources */,
				D5DD39A728D11817000FAEB8 /* WifiFileTransfer.swift in Sources */,
				D5AA27FA28CA8D46001CCE25 /* WifiStatusHeaderBarView.swift in Sources */,
				D5F53CEB2694B524007634C2 /* Blinka Animation.swift in Sources */,
				D5269C00291960A300C0CE4B /* WifiSelection.swift in Sources */,
				D5597BF826A9E14B00DF17C0 /* AppDelegate.swift in Sources */,
				D56F640E270242CA000E5975 /* String+DeletingPrefix.swift in Sources */,
				D57858F328333CBC008E8BE4 /* TroubleshootView.swift in Sources */,
				D5C6D42128C8EA0700F5C7C9 /* WifiHeaderView.swift in Sources */,
				D5507AD026C668BC00512BAA /* BleModuleViewModel.swift in Sources */,
				D5482F4928E63DB7000B0C8E /* MainSelectionViewModel.swift in Sources */,
				D5597C3B26B98E1E00DF17C0 /* NumbersOnly.swift in Sources */,
				D5D1F4A427EBA7E30040E2BF /* NetworkManager.swift in Sources */,
				D56B75D6294BAACE00D008E7 /* BLESettingsViewModel.swift in Sources */,
				D5DD39AB28D234C3000FAEB8 /* SettingsViewModel.swift in Sources */,
				D52A926F29078E0A00973B6B /* WifiServiceSelectionView.swift in Sources */,
				D5BA1F8328B68ED40012FC62 /* NetworkPeripheral.swift in Sources */,
				D59DFDBC268CE0EB001737F6 /* RootView.swift in Sources */,
				D595FC2E2812C23D00569D8C /* Image Extension.swift in Sources */,
				D567E2BA28C1382E0009F768 /* WifiSubViewCell.swift in Sources */,
				D59DFD8F268A4A4D001737F6 /* BTConnectionView.swift in Sources */,
				D58D887B26CC02B60085604A /* OnboardingViewPure.swift in Sources */,
				D5361098296F5E5400228E15 /* JSONDecoderHelper.swift in Sources */,
				D52BE85426A0E39100630900 /* BTConnectionViewModel.swift in Sources */,
				D5DD39A928D11962000FAEB8 /* WifiTransferService.swift in Sources */,
				D59DFDC2268CFA36001737F6 /* OnboardingStepView.swift in Sources */,
				D5CC6BAE2816FD27008629FB /* Config.swift in Sources */,
				D544A24F282046840038D483 /* OnAnimationComplete.swift in Sources */,
				D5507AD126C668BC00512BAA /* SearchBarView.swift in Sources */,
				D59DFDBA268CDEEC001737F6 /* RootViewModel.swift in Sources */,
				D536109A296FB2BB00228E15 /* DataStore.swift in Sources */,
				D5C74DF527EB93E300730505 /* DemoViewCell.swift in Sources */,
				D567E2DF28C8D40C0009F768 /* SettingsView.swift in Sources */,
				D5482F4B28E75053000B0C8E /* LocalNetworkAuth.swift in Sources */,
				D567E2BC28C1527F0009F768 /* WifiSubViewCellModel.swift in Sources */,
				D52BE85526A0E5A400630900 /* PeripheralList.swift in Sources */,
				D5D7DF2D28B489C0008552D1 /* WebDirectoryModel.swift in Sources */,
				D5597C0226ADDCE300DF17C0 /* StartupView.swift in Sources */,
				D567E2B828C137880009F768 /* WifiCell.swift in Sources */,
				D5D1F4B027ECFDE00040E2BF /* NavBarModifier.swift in Sources */,
				D5597C0C26AF018800DF17C0 /* View+If.swift in Sources */,
				D58E1C8D28A2B32C00AB683E /* Wifi_ifaddrs.m in Sources */,
				D56B75D4294BAAB400D008E7 /* BLESettingsView.swift in Sources */,
				D52BE7EE269DF36E00630900 /* DownloadViewModel.swift in Sources */,
				D59E31AA281B8DD300D24211 /* DownloadState.swift in Sources */,
				D5BA1F7F28B66F280012FC62 /* WifiServiceManager.swift in Sources */,
				D5C74DF327EB92FA00730505 /* View+Extensions.swift in Sources */,
				D5AA27F828CA785B001CCE25 /* CircuitPythonType.swift in Sources */,
				D5199A2F28DD16F100ACC34C /* BleContentTransfer.swift in Sources */,
				D535E21628E1FA910096E548 /* ScrollRefreshableView.swift in Sources */,
				D5640216271B54BF00AE1519 /* MainSelectionView.swift in Sources */,
				D5269C042919985400C0CE4B /* WifiServiceCellSubView.swift in Sources */,
				D505B99C2755323C00386E9F /* NetworkMonitor.swift in Sources */,
			);
			runOnlyForDeploymentPostprocessing = 0;
		};
/* End PBXSourcesBuildPhase section */

/* Begin XCBuildConfiguration section */
		D52F7E7D2672F4C500911D43 /* Debug */ = {
			isa = XCBuildConfiguration;
			buildSettings = {
				ALWAYS_SEARCH_USER_PATHS = NO;
				CLANG_ANALYZER_NONNULL = YES;
				CLANG_ANALYZER_NUMBER_OBJECT_CONVERSION = YES_AGGRESSIVE;
				CLANG_CXX_LANGUAGE_STANDARD = "gnu++14";
				CLANG_CXX_LIBRARY = "libc++";
				CLANG_ENABLE_MODULES = YES;
				CLANG_ENABLE_OBJC_ARC = YES;
				CLANG_ENABLE_OBJC_WEAK = YES;
				CLANG_WARN_BLOCK_CAPTURE_AUTORELEASING = YES;
				CLANG_WARN_BOOL_CONVERSION = YES;
				CLANG_WARN_COMMA = YES;
				CLANG_WARN_CONSTANT_CONVERSION = YES;
				CLANG_WARN_DEPRECATED_OBJC_IMPLEMENTATIONS = YES;
				CLANG_WARN_DIRECT_OBJC_ISA_USAGE = YES_ERROR;
				CLANG_WARN_DOCUMENTATION_COMMENTS = YES;
				CLANG_WARN_EMPTY_BODY = YES;
				CLANG_WARN_ENUM_CONVERSION = YES;
				CLANG_WARN_INFINITE_RECURSION = YES;
				CLANG_WARN_INT_CONVERSION = YES;
				CLANG_WARN_NON_LITERAL_NULL_CONVERSION = YES;
				CLANG_WARN_OBJC_IMPLICIT_RETAIN_SELF = YES;
				CLANG_WARN_OBJC_LITERAL_CONVERSION = YES;
				CLANG_WARN_OBJC_ROOT_CLASS = YES_ERROR;
				CLANG_WARN_QUOTED_INCLUDE_IN_FRAMEWORK_HEADER = YES;
				CLANG_WARN_RANGE_LOOP_ANALYSIS = YES;
				CLANG_WARN_STRICT_PROTOTYPES = YES;
				CLANG_WARN_SUSPICIOUS_MOVE = YES;
				CLANG_WARN_UNGUARDED_AVAILABILITY = YES_AGGRESSIVE;
				CLANG_WARN_UNREACHABLE_CODE = YES;
				CLANG_WARN__DUPLICATE_METHOD_MATCH = YES;
				COPY_PHASE_STRIP = NO;
				DEBUG_INFORMATION_FORMAT = dwarf;
				ENABLE_STRICT_OBJC_MSGSEND = YES;
				ENABLE_TESTABILITY = YES;
				GCC_C_LANGUAGE_STANDARD = gnu11;
				GCC_DYNAMIC_NO_PIC = NO;
				GCC_NO_COMMON_BLOCKS = YES;
				GCC_OPTIMIZATION_LEVEL = 0;
				GCC_PREPROCESSOR_DEFINITIONS = (
					"DEBUG=1",
					"$(inherited)",
				);
				GCC_WARN_64_TO_32_BIT_CONVERSION = YES;
				GCC_WARN_ABOUT_RETURN_TYPE = YES_ERROR;
				GCC_WARN_UNDECLARED_SELECTOR = YES;
				GCC_WARN_UNINITIALIZED_AUTOS = YES_AGGRESSIVE;
				GCC_WARN_UNUSED_FUNCTION = YES;
				GCC_WARN_UNUSED_VARIABLE = YES;
				IPHONEOS_DEPLOYMENT_TARGET = 15.0;
				MTL_ENABLE_DEBUG_INFO = INCLUDE_SOURCE;
				MTL_FAST_MATH = YES;
				ONLY_ACTIVE_ARCH = YES;
				SDKROOT = iphoneos;
				SWIFT_ACTIVE_COMPILATION_CONDITIONS = DEBUG;
				SWIFT_OPTIMIZATION_LEVEL = "-Onone";
			};
			name = Debug;
		};
		D52F7E7E2672F4C500911D43 /* Release */ = {
			isa = XCBuildConfiguration;
			buildSettings = {
				ALWAYS_SEARCH_USER_PATHS = NO;
				CLANG_ANALYZER_NONNULL = YES;
				CLANG_ANALYZER_NUMBER_OBJECT_CONVERSION = YES_AGGRESSIVE;
				CLANG_CXX_LANGUAGE_STANDARD = "gnu++14";
				CLANG_CXX_LIBRARY = "libc++";
				CLANG_ENABLE_MODULES = YES;
				CLANG_ENABLE_OBJC_ARC = YES;
				CLANG_ENABLE_OBJC_WEAK = YES;
				CLANG_WARN_BLOCK_CAPTURE_AUTORELEASING = YES;
				CLANG_WARN_BOOL_CONVERSION = YES;
				CLANG_WARN_COMMA = YES;
				CLANG_WARN_CONSTANT_CONVERSION = YES;
				CLANG_WARN_DEPRECATED_OBJC_IMPLEMENTATIONS = YES;
				CLANG_WARN_DIRECT_OBJC_ISA_USAGE = YES_ERROR;
				CLANG_WARN_DOCUMENTATION_COMMENTS = YES;
				CLANG_WARN_EMPTY_BODY = YES;
				CLANG_WARN_ENUM_CONVERSION = YES;
				CLANG_WARN_INFINITE_RECURSION = YES;
				CLANG_WARN_INT_CONVERSION = YES;
				CLANG_WARN_NON_LITERAL_NULL_CONVERSION = YES;
				CLANG_WARN_OBJC_IMPLICIT_RETAIN_SELF = YES;
				CLANG_WARN_OBJC_LITERAL_CONVERSION = YES;
				CLANG_WARN_OBJC_ROOT_CLASS = YES_ERROR;
				CLANG_WARN_QUOTED_INCLUDE_IN_FRAMEWORK_HEADER = YES;
				CLANG_WARN_RANGE_LOOP_ANALYSIS = YES;
				CLANG_WARN_STRICT_PROTOTYPES = YES;
				CLANG_WARN_SUSPICIOUS_MOVE = YES;
				CLANG_WARN_UNGUARDED_AVAILABILITY = YES_AGGRESSIVE;
				CLANG_WARN_UNREACHABLE_CODE = YES;
				CLANG_WARN__DUPLICATE_METHOD_MATCH = YES;
				COPY_PHASE_STRIP = NO;
				DEBUG_INFORMATION_FORMAT = "dwarf-with-dsym";
				ENABLE_NS_ASSERTIONS = NO;
				ENABLE_STRICT_OBJC_MSGSEND = YES;
				GCC_C_LANGUAGE_STANDARD = gnu11;
				GCC_NO_COMMON_BLOCKS = YES;
				GCC_WARN_64_TO_32_BIT_CONVERSION = YES;
				GCC_WARN_ABOUT_RETURN_TYPE = YES_ERROR;
				GCC_WARN_UNDECLARED_SELECTOR = YES;
				GCC_WARN_UNINITIALIZED_AUTOS = YES_AGGRESSIVE;
				GCC_WARN_UNUSED_FUNCTION = YES;
				GCC_WARN_UNUSED_VARIABLE = YES;
				IPHONEOS_DEPLOYMENT_TARGET = 15.0;
				MTL_ENABLE_DEBUG_INFO = NO;
				MTL_FAST_MATH = YES;
				SDKROOT = iphoneos;
				SWIFT_COMPILATION_MODE = wholemodule;
				SWIFT_OPTIMIZATION_LEVEL = "-O";
				VALIDATE_PRODUCT = YES;
			};
			name = Release;
		};
		D52F7E802672F4C500911D43 /* Debug */ = {
			isa = XCBuildConfiguration;
			buildSettings = {
				ASSETCATALOG_COMPILER_APPICON_NAME = AppIcon;
				ASSETCATALOG_COMPILER_GLOBAL_ACCENT_COLOR_NAME = AccentColor;
				CLANG_ENABLE_MODULES = YES;
				CODE_SIGN_ENTITLEMENTS = PyLeap/PyLeap.entitlements;
				CODE_SIGN_STYLE = Automatic;
				CURRENT_PROJECT_VERSION = 0;
				DEVELOPMENT_ASSET_PATHS = "\"PyLeap/Preview Content\"";
				DEVELOPMENT_TEAM = 2X94RM7457;
				ENABLE_PREVIEWS = YES;
				INFOPLIST_FILE = PyLeap/Info.plist;
				IPHONEOS_DEPLOYMENT_TARGET = 15.5;
				LD_RUNPATH_SEARCH_PATHS = (
					"$(inherited)",
					"@executable_path/Frameworks",
				);
				MARKETING_VERSION = 2.1.1;
				PRODUCT_BUNDLE_IDENTIFIER = com.adafruit.PyLeap;
				PRODUCT_NAME = "$(TARGET_NAME)";
				SUPPORTS_MACCATALYST = NO;
				SUPPORTS_MAC_DESIGNED_FOR_IPHONE_IPAD = YES;
				SWIFT_OBJC_BRIDGING_HEADER = "PyLeap/Views/Wifi View/PyLeap-Bridging-Header.h";
				SWIFT_OPTIMIZATION_LEVEL = "-Onone";
				SWIFT_VERSION = 5.0;
				TARGETED_DEVICE_FAMILY = "1,2";
			};
			name = Debug;
		};
		D52F7E812672F4C500911D43 /* Release */ = {
			isa = XCBuildConfiguration;
			buildSettings = {
				ASSETCATALOG_COMPILER_APPICON_NAME = AppIcon;
				ASSETCATALOG_COMPILER_GLOBAL_ACCENT_COLOR_NAME = AccentColor;
				CLANG_ENABLE_MODULES = YES;
				CODE_SIGN_ENTITLEMENTS = PyLeap/PyLeap.entitlements;
				CODE_SIGN_STYLE = Automatic;
				CURRENT_PROJECT_VERSION = 0;
				DEVELOPMENT_ASSET_PATHS = "\"PyLeap/Preview Content\"";
				DEVELOPMENT_TEAM = 2X94RM7457;
				ENABLE_PREVIEWS = YES;
				INFOPLIST_FILE = PyLeap/Info.plist;
				IPHONEOS_DEPLOYMENT_TARGET = 15.5;
				LD_RUNPATH_SEARCH_PATHS = (
					"$(inherited)",
					"@executable_path/Frameworks",
				);
				MARKETING_VERSION = 2.1.1;
				PRODUCT_BUNDLE_IDENTIFIER = com.adafruit.PyLeap;
				PRODUCT_NAME = "$(TARGET_NAME)";
				SUPPORTS_MACCATALYST = NO;
				SUPPORTS_MAC_DESIGNED_FOR_IPHONE_IPAD = YES;
				SWIFT_OBJC_BRIDGING_HEADER = "PyLeap/Views/Wifi View/PyLeap-Bridging-Header.h";
				SWIFT_VERSION = 5.0;
				TARGETED_DEVICE_FAMILY = "1,2";
			};
			name = Release;
		};
/* End XCBuildConfiguration section */

/* Begin XCConfigurationList section */
		D52F7E6B2672F4C400911D43 /* Build configuration list for PBXProject "PyLeap" */ = {
			isa = XCConfigurationList;
			buildConfigurations = (
				D52F7E7D2672F4C500911D43 /* Debug */,
				D52F7E7E2672F4C500911D43 /* Release */,
			);
			defaultConfigurationIsVisible = 0;
			defaultConfigurationName = Release;
		};
		D52F7E7F2672F4C500911D43 /* Build configuration list for PBXNativeTarget "PyLeap" */ = {
			isa = XCConfigurationList;
			buildConfigurations = (
				D52F7E802672F4C500911D43 /* Debug */,
				D52F7E812672F4C500911D43 /* Release */,
			);
			defaultConfigurationIsVisible = 0;
			defaultConfigurationName = Release;
		};
/* End XCConfigurationList section */

/* Begin XCRemoteSwiftPackageReference section */
		D52BE7F1269DF62100630900 /* XCRemoteSwiftPackageReference "Zip" */ = {
			isa = XCRemoteSwiftPackageReference;
			repositoryURL = "https://github.com/marmelroy/Zip";
			requirement = {
				kind = upToNextMajorVersion;
				minimumVersion = 2.1.1;
			};
		};
/* End XCRemoteSwiftPackageReference section */

/* Begin XCSwiftPackageProductDependency section */
		D52BE7F2269DF62100630900 /* Zip */ = {
			isa = XCSwiftPackageProductDependency;
			package = D52BE7F1269DF62100630900 /* XCRemoteSwiftPackageReference "Zip" */;
			productName = Zip;
		};
		D585CABD276CFC040010185A /* FileTransferClient */ = {
			isa = XCSwiftPackageProductDependency;
			productName = FileTransferClient;
		};
/* End XCSwiftPackageProductDependency section */
	};
	rootObject = D52F7E682672F4C400911D43 /* Project object */;
}
